// !$*UTF8*$!
{
	archiveVersion = 1;
	classes = {
	};
	objectVersion = 56;
	objects = {

/* Begin PBXBuildFile section */
		39462C512CA6F87600855445 /* AppDelegate.swift in Sources */ = {isa = PBXBuildFile; fileRef = 39462C502CA6F87600855445 /* AppDelegate.swift */; };
		39462C532CA6F87600855445 /* SceneDelegate.swift in Sources */ = {isa = PBXBuildFile; fileRef = 39462C522CA6F87600855445 /* SceneDelegate.swift */; };
		39462C552CA6F87600855445 /* ViewController.swift in Sources */ = {isa = PBXBuildFile; fileRef = 39462C542CA6F87600855445 /* ViewController.swift */; };
		39462C582CA6F87600855445 /* Base in Resources */ = {isa = PBXBuildFile; fileRef = 39462C572CA6F87600855445 /* Base */; };
		39462C5A2CA6F87800855445 /* Assets.xcassets in Resources */ = {isa = PBXBuildFile; fileRef = 39462C592CA6F87800855445 /* Assets.xcassets */; };
		39462C5D2CA6F87800855445 /* Base in Resources */ = {isa = PBXBuildFile; fileRef = 39462C5C2CA6F87800855445 /* Base */; };
		39462C682CA6F87800855445 /* Assignment01Tests.swift in Sources */ = {isa = PBXBuildFile; fileRef = 39462C672CA6F87800855445 /* Assignment01Tests.swift */; };
		39462C722CA6F87800855445 /* Assignment01UITests.swift in Sources */ = {isa = PBXBuildFile; fileRef = 39462C712CA6F87800855445 /* Assignment01UITests.swift */; };
		39462C742CA6F87800855445 /* Assignment01UITestsLaunchTests.swift in Sources */ = {isa = PBXBuildFile; fileRef = 39462C732CA6F87800855445 /* Assignment01UITestsLaunchTests.swift */; };
/* End PBXBuildFile section */

/* Begin PBXContainerItemProxy section */
		39462C642CA6F87800855445 /* PBXContainerItemProxy */ = {
			isa = PBXContainerItemProxy;
			containerPortal = 39462C452CA6F87600855445 /* Project object */;
			proxyType = 1;
			remoteGlobalIDString = 39462C4C2CA6F87600855445;
			remoteInfo = Assignment01;
		};
		39462C6E2CA6F87800855445 /* PBXContainerItemProxy */ = {
			isa = PBXContainerItemProxy;
			containerPortal = 39462C452CA6F87600855445 /* Project object */;
			proxyType = 1;
			remoteGlobalIDString = 39462C4C2CA6F87600855445;
			remoteInfo = Assignment01;
		};
/* End PBXContainerItemProxy section */

/* Begin PBXFileReference section */
		39462C4D2CA6F87600855445 /* Assignment01.app */ = {isa = PBXFileReference; explicitFileType = wrapper.application; includeInIndex = 0; path = Assignment01.app; sourceTree = BUILT_PRODUCTS_DIR; };
		39462C502CA6F87600855445 /* AppDelegate.swift */ = {isa = PBXFileReference; lastKnownFileType = sourcecode.swift; path = AppDelegate.swift; sourceTree = "<group>"; };
		39462C522CA6F87600855445 /* SceneDelegate.swift */ = {isa = PBXFileReference; lastKnownFileType = sourcecode.swift; path = SceneDelegate.swift; sourceTree = "<group>"; };
		39462C542CA6F87600855445 /* ViewController.swift */ = {isa = PBXFileReference; lastKnownFileType = sourcecode.swift; path = ViewController.swift; sourceTree = "<group>"; };
		39462C572CA6F87600855445 /* Base */ = {isa = PBXFileReference; lastKnownFileType = file.storyboard; name = Base; path = Base.lproj/Main.storyboard; sourceTree = "<group>"; };
		39462C592CA6F87800855445 /* Assets.xcassets */ = {isa = PBXFileReference; lastKnownFileType = folder.assetcatalog; path = Assets.xcassets; sourceTree = "<group>"; };
		39462C5C2CA6F87800855445 /* Base */ = {isa = PBXFileReference; lastKnownFileType = file.storyboard; name = Base; path = Base.lproj/LaunchScreen.storyboard; sourceTree = "<group>"; };
		39462C5E2CA6F87800855445 /* Info.plist */ = {isa = PBXFileReference; lastKnownFileType = text.plist.xml; path = Info.plist; sourceTree = "<group>"; };
		39462C632CA6F87800855445 /* Assignment01Tests.xctest */ = {isa = PBXFileReference; explicitFileType = wrapper.cfbundle; includeInIndex = 0; path = Assignment01Tests.xctest; sourceTree = BUILT_PRODUCTS_DIR; };
		39462C672CA6F87800855445 /* Assignment01Tests.swift */ = {isa = PBXFileReference; lastKnownFileType = sourcecode.swift; path = Assignment01Tests.swift; sourceTree = "<group>"; };
		39462C6D2CA6F87800855445 /* Assignment01UITests.xctest */ = {isa = PBXFileReference; explicitFileType = wrapper.cfbundle; includeInIndex = 0; path = Assignment01UITests.xctest; sourceTree = BUILT_PRODUCTS_DIR; };
		39462C712CA6F87800855445 /* Assignment01UITests.swift */ = {isa = PBXFileReference; lastKnownFileType = sourcecode.swift; path = Assignment01UITests.swift; sourceTree = "<group>"; };
		39462C732CA6F87800855445 /* Assignment01UITestsLaunchTests.swift */ = {isa = PBXFileReference; lastKnownFileType = sourcecode.swift; path = Assignment01UITestsLaunchTests.swift; sourceTree = "<group>"; };
/* End PBXFileReference section */

/* Begin PBXFrameworksBuildPhase section */
		39462C4A2CA6F87600855445 /* Frameworks */ = {
			isa = PBXFrameworksBuildPhase;
			buildActionMask = 2147483647;
			files = (
			);
			runOnlyForDeploymentPostprocessing = 0;
		};
		39462C602CA6F87800855445 /* Frameworks */ = {
			isa = PBXFrameworksBuildPhase;
			buildActionMask = 2147483647;
			files = (
			);
			runOnlyForDeploymentPostprocessing = 0;
		};
		39462C6A2CA6F87800855445 /* Frameworks */ = {
			isa = PBXFrameworksBuildPhase;
			buildActionMask = 2147483647;
			files = (
			);
			runOnlyForDeploymentPostprocessing = 0;
		};
/* End PBXFrameworksBuildPhase section */

/* Begin PBXGroup section */
		39462C442CA6F87600855445 = {
			isa = PBXGroup;
			children = (
				39462C4F2CA6F87600855445 /* Assignment01 */,
				39462C662CA6F87800855445 /* Assignment01Tests */,
				39462C702CA6F87800855445 /* Assignment01UITests */,
				39462C4E2CA6F87600855445 /* Products */,
			);
			sourceTree = "<group>";
		};
		39462C4E2CA6F87600855445 /* Products */ = {
			isa = PBXGroup;
			children = (
				39462C4D2CA6F87600855445 /* Assignment01.app */,
				39462C632CA6F87800855445 /* Assignment01Tests.xctest */,
				39462C6D2CA6F87800855445 /* Assignment01UITests.xctest */,
			);
			name = Products;
			sourceTree = "<group>";
		};
		39462C4F2CA6F87600855445 /* Assignment01 */ = {
			isa = PBXGroup;
			children = (
				39462C502CA6F87600855445 /* AppDelegate.swift */,
				39462C522CA6F87600855445 /* SceneDelegate.swift */,
				39462C542CA6F87600855445 /* ViewController.swift */,
				39462C562CA6F87600855445 /* Main.storyboard */,
				39462C592CA6F87800855445 /* Assets.xcassets */,
				39462C5B2CA6F87800855445 /* LaunchScreen.storyboard */,
				39462C5E2CA6F87800855445 /* Info.plist */,
			);
			path = Assignment01;
			sourceTree = "<group>";
		};
		39462C662CA6F87800855445 /* Assignment01Tests */ = {
			isa = PBXGroup;
			children = (
				39462C672CA6F87800855445 /* Assignment01Tests.swift */,
			);
			path = Assignment01Tests;
			sourceTree = "<group>";
		};
		39462C702CA6F87800855445 /* Assignment01UITests */ = {
			isa = PBXGroup;
			children = (
				39462C712CA6F87800855445 /* Assignment01UITests.swift */,
				39462C732CA6F87800855445 /* Assignment01UITestsLaunchTests.swift */,
			);
			path = Assignment01UITests;
			sourceTree = "<group>";
		};
/* End PBXGroup section */

/* Begin PBXNativeTarget section */
		39462C4C2CA6F87600855445 /* Assignment01 */ = {
			isa = PBXNativeTarget;
			buildConfigurationList = 39462C772CA6F87800855445 /* Build configuration list for PBXNativeTarget "Assignment01" */;
			buildPhases = (
				39462C492CA6F87600855445 /* Sources */,
				39462C4A2CA6F87600855445 /* Frameworks */,
				39462C4B2CA6F87600855445 /* Resources */,
			);
			buildRules = (
			);
			dependencies = (
			);
			name = Assignment01;
			productName = Assignment01;
			productReference = 39462C4D2CA6F87600855445 /* Assignment01.app */;
			productType = "com.apple.product-type.application";
		};
		39462C622CA6F87800855445 /* Assignment01Tests */ = {
			isa = PBXNativeTarget;
			buildConfigurationList = 39462C7A2CA6F87800855445 /* Build configuration list for PBXNativeTarget "Assignment01Tests" */;
			buildPhases = (
				39462C5F2CA6F87800855445 /* Sources */,
				39462C602CA6F87800855445 /* Frameworks */,
				39462C612CA6F87800855445 /* Resources */,
			);
			buildRules = (
			);
			dependencies = (
				39462C652CA6F87800855445 /* PBXTargetDependency */,
			);
			name = Assignment01Tests;
			productName = Assignment01Tests;
			productReference = 39462C632CA6F87800855445 /* Assignment01Tests.xctest */;
			productType = "com.apple.product-type.bundle.unit-test";
		};
		39462C6C2CA6F87800855445 /* Assignment01UITests */ = {
			isa = PBXNativeTarget;
			buildConfigurationList = 39462C7D2CA6F87800855445 /* Build configuration list for PBXNativeTarget "Assignment01UITests" */;
			buildPhases = (
				39462C692CA6F87800855445 /* Sources */,
				39462C6A2CA6F87800855445 /* Frameworks */,
				39462C6B2CA6F87800855445 /* Resources */,
			);
			buildRules = (
			);
			dependencies = (
				39462C6F2CA6F87800855445 /* PBXTargetDependency */,
			);
			name = Assignment01UITests;
			productName = Assignment01UITests;
			productReference = 39462C6D2CA6F87800855445 /* Assignment01UITests.xctest */;
			productType = "com.apple.product-type.bundle.ui-testing";
		};
/* End PBXNativeTarget section */

/* Begin PBXProject section */
		39462C452CA6F87600855445 /* Project object */ = {
			isa = PBXProject;
			attributes = {
				BuildIndependentTargetsInParallel = 1;
				LastSwiftUpdateCheck = 1540;
				LastUpgradeCheck = 1540;
				TargetAttributes = {
					39462C4C2CA6F87600855445 = {
						CreatedOnToolsVersion = 15.4;
					};
					39462C622CA6F87800855445 = {
						CreatedOnToolsVersion = 15.4;
						TestTargetID = 39462C4C2CA6F87600855445;
					};
					39462C6C2CA6F87800855445 = {
						CreatedOnToolsVersion = 15.4;
						TestTargetID = 39462C4C2CA6F87600855445;
					};
				};
			};
			buildConfigurationList = 39462C482CA6F87600855445 /* Build configuration list for PBXProject "Assignment01" */;
			compatibilityVersion = "Xcode 14.0";
			developmentRegion = en;
			hasScannedForEncodings = 0;
			knownRegions = (
				en,
				Base,
			);
			mainGroup = 39462C442CA6F87600855445;
			productRefGroup = 39462C4E2CA6F87600855445 /* Products */;
			projectDirPath = "";
			projectRoot = "";
			targets = (
				39462C4C2CA6F87600855445 /* Assignment01 */,
				39462C622CA6F87800855445 /* Assignment01Tests */,
				39462C6C2CA6F87800855445 /* Assignment01UITests */,
			);
		};
/* End PBXProject section */

/* Begin PBXResourcesBuildPhase section */
		39462C4B2CA6F87600855445 /* Resources */ = {
			isa = PBXResourcesBuildPhase;
			buildActionMask = 2147483647;
			files = (
				39462C5A2CA6F87800855445 /* Assets.xcassets in Resources */,
				39462C5D2CA6F87800855445 /* Base in Resources */,
				39462C582CA6F87600855445 /* Base in Resources */,
			);
			runOnlyForDeploymentPostprocessing = 0;
		};
		39462C612CA6F87800855445 /* Resources */ = {
			isa = PBXResourcesBuildPhase;
			buildActionMask = 2147483647;
			files = (
			);
			runOnlyForDeploymentPostprocessing = 0;
		};
		39462C6B2CA6F87800855445 /* Resources */ = {
			isa = PBXResourcesBuildPhase;
			buildActionMask = 2147483647;
			files = (
			);
			runOnlyForDeploymentPostprocessing = 0;
		};
/* End PBXResourcesBuildPhase section */

/* Begin PBXSourcesBuildPhase section */
		39462C492CA6F87600855445 /* Sources */ = {
			isa = PBXSourcesBuildPhase;
			buildActionMask = 2147483647;
			files = (
				39462C552CA6F87600855445 /* ViewController.swift in Sources */,
				39462C512CA6F87600855445 /* AppDelegate.swift in Sources */,
				39462C532CA6F87600855445 /* SceneDelegate.swift in Sources */,
			);
			runOnlyForDeploymentPostprocessing = 0;
		};
		39462C5F2CA6F87800855445 /* Sources */ = {
			isa = PBXSourcesBuildPhase;
			buildActionMask = 2147483647;
			files = (
				39462C682CA6F87800855445 /* Assignment01Tests.swift in Sources */,
			);
			runOnlyForDeploymentPostprocessing = 0;
		};
		39462C692CA6F87800855445 /* Sources */ = {
			isa = PBXSourcesBuildPhase;
			buildActionMask = 2147483647;
			files = (
				39462C742CA6F87800855445 /* Assignment01UITestsLaunchTests.swift in Sources */,
				39462C722CA6F87800855445 /* Assignment01UITests.swift in Sources */,
			);
			runOnlyForDeploymentPostprocessing = 0;
		};
/* End PBXSourcesBuildPhase section */

/* Begin PBXTargetDependency section */
		39462C652CA6F87800855445 /* PBXTargetDependency */ = {
			isa = PBXTargetDependency;
			target = 39462C4C2CA6F87600855445 /* Assignment01 */;
			targetProxy = 39462C642CA6F87800855445 /* PBXContainerItemProxy */;
		};
		39462C6F2CA6F87800855445 /* PBXTargetDependency */ = {
			isa = PBXTargetDependency;
			target = 39462C4C2CA6F87600855445 /* Assignment01 */;
			targetProxy = 39462C6E2CA6F87800855445 /* PBXContainerItemProxy */;
		};
/* End PBXTargetDependency section */

/* Begin PBXVariantGroup section */
		39462C562CA6F87600855445 /* Main.storyboard */ = {
			isa = PBXVariantGroup;
			children = (
				39462C572CA6F87600855445 /* Base */,
			);
			name = Main.storyboard;
			sourceTree = "<group>";
		};
		39462C5B2CA6F87800855445 /* LaunchScreen.storyboard */ = {
			isa = PBXVariantGroup;
			children = (
				39462C5C2CA6F87800855445 /* Base */,
			);
			name = LaunchScreen.storyboard;
			sourceTree = "<group>";
		};
/* End PBXVariantGroup section */

/* Begin XCBuildConfiguration section */
		39462C752CA6F87800855445 /* Debug */ = {
			isa = XCBuildConfiguration;
			buildSettings = {
				ALWAYS_SEARCH_USER_PATHS = NO;
				ASSETCATALOG_COMPILER_GENERATE_SWIFT_ASSET_SYMBOL_EXTENSIONS = YES;
				CLANG_ANALYZER_NONNULL = YES;
				CLANG_ANALYZER_NUMBER_OBJECT_CONVERSION = YES_AGGRESSIVE;
				CLANG_CXX_LANGUAGE_STANDARD = "gnu++20";
				CLANG_ENABLE_MODULES = YES;
				CLANG_ENABLE_OBJC_ARC = YES;
				CLANG_ENABLE_OBJC_WEAK = YES;
				CLANG_WARN_BLOCK_CAPTURE_AUTORELEASING = YES;
				CLANG_WARN_BOOL_CONVERSION = YES;
				CLANG_WARN_COMMA = YES;
				CLANG_WARN_CONSTANT_CONVERSION = YES;
				CLANG_WARN_DEPRECATED_OBJC_IMPLEMENTATIONS = YES;
				CLANG_WARN_DIRECT_OBJC_ISA_USAGE = YES_ERROR;
				CLANG_WARN_DOCUMENTATION_COMMENTS = YES;
				CLANG_WARN_EMPTY_BODY = YES;
				CLANG_WARN_ENUM_CONVERSION = YES;
				CLANG_WARN_INFINITE_RECURSION = YES;
				CLANG_WARN_INT_CONVERSION = YES;
				CLANG_WARN_NON_LITERAL_NULL_CONVERSION = YES;
				CLANG_WARN_OBJC_IMPLICIT_RETAIN_SELF = YES;
				CLANG_WARN_OBJC_LITERAL_CONVERSION = YES;
				CLANG_WARN_OBJC_ROOT_CLASS = YES_ERROR;
				CLANG_WARN_QUOTED_INCLUDE_IN_FRAMEWORK_HEADER = YES;
				CLANG_WARN_RANGE_LOOP_ANALYSIS = YES;
				CLANG_WARN_STRICT_PROTOTYPES = YES;
				CLANG_WARN_SUSPICIOUS_MOVE = YES;
				CLANG_WARN_UNGUARDED_AVAILABILITY = YES_AGGRESSIVE;
				CLANG_WARN_UNREACHABLE_CODE = YES;
				CLANG_WARN__DUPLICATE_METHOD_MATCH = YES;
				COPY_PHASE_STRIP = NO;
				DEBUG_INFORMATION_FORMAT = dwarf;
				ENABLE_STRICT_OBJC_MSGSEND = YES;
				ENABLE_TESTABILITY = YES;
				ENABLE_USER_SCRIPT_SANDBOXING = YES;
				GCC_C_LANGUAGE_STANDARD = gnu17;
				GCC_DYNAMIC_NO_PIC = NO;
				GCC_NO_COMMON_BLOCKS = YES;
				GCC_OPTIMIZATION_LEVEL = 0;
				GCC_PREPROCESSOR_DEFINITIONS = (
					"DEBUG=1",
					"$(inherited)",
				);
				GCC_WARN_64_TO_32_BIT_CONVERSION = YES;
				GCC_WARN_ABOUT_RETURN_TYPE = YES_ERROR;
				GCC_WARN_UNDECLARED_SELECTOR = YES;
				GCC_WARN_UNINITIALIZED_AUTOS = YES_AGGRESSIVE;
				GCC_WARN_UNUSED_FUNCTION = YES;
				GCC_WARN_UNUSED_VARIABLE = YES;
				IPHONEOS_DEPLOYMENT_TARGET = 17.5;
				LOCALIZATION_PREFERS_STRING_CATALOGS = YES;
				MTL_ENABLE_DEBUG_INFO = INCLUDE_SOURCE;
				MTL_FAST_MATH = YES;
				ONLY_ACTIVE_ARCH = YES;
				SDKROOT = iphoneos;
				SWIFT_ACTIVE_COMPILATION_CONDITIONS = "DEBUG $(inherited)";
				SWIFT_OPTIMIZATION_LEVEL = "-Onone";
			};
			name = Debug;
		};
		39462C762CA6F87800855445 /* Release */ = {
			isa = XCBuildConfiguration;
			buildSettings = {
				ALWAYS_SEARCH_USER_PATHS = NO;
				ASSETCATALOG_COMPILER_GENERATE_SWIFT_ASSET_SYMBOL_EXTENSIONS = YES;
				CLANG_ANALYZER_NONNULL = YES;
				CLANG_ANALYZER_NUMBER_OBJECT_CONVERSION = YES_AGGRESSIVE;
				CLANG_CXX_LANGUAGE_STANDARD = "gnu++20";
				CLANG_ENABLE_MODULES = YES;
				CLANG_ENABLE_OBJC_ARC = YES;
				CLANG_ENABLE_OBJC_WEAK = YES;
				CLANG_WARN_BLOCK_CAPTURE_AUTORELEASING = YES;
				CLANG_WARN_BOOL_CONVERSION = YES;
				CLANG_WARN_COMMA = YES;
				CLANG_WARN_CONSTANT_CONVERSION = YES;
				CLANG_WARN_DEPRECATED_OBJC_IMPLEMENTATIONS = YES;
				CLANG_WARN_DIRECT_OBJC_ISA_USAGE = YES_ERROR;
				CLANG_WARN_DOCUMENTATION_COMMENTS = YES;
				CLANG_WARN_EMPTY_BODY = YES;
				CLANG_WARN_ENUM_CONVERSION = YES;
				CLANG_WARN_INFINITE_RECURSION = YES;
				CLANG_WARN_INT_CONVERSION = YES;
				CLANG_WARN_NON_LITERAL_NULL_CONVERSION = YES;
				CLANG_WARN_OBJC_IMPLICIT_RETAIN_SELF = YES;
				CLANG_WARN_OBJC_LITERAL_CONVERSION = YES;
				CLANG_WARN_OBJC_ROOT_CLASS = YES_ERROR;
				CLANG_WARN_QUOTED_INCLUDE_IN_FRAMEWORK_HEADER = YES;
				CLANG_WARN_RANGE_LOOP_ANALYSIS = YES;
				CLANG_WARN_STRICT_PROTOTYPES = YES;
				CLANG_WARN_SUSPICIOUS_MOVE = YES;
				CLANG_WARN_UNGUARDED_AVAILABILITY = YES_AGGRESSIVE;
				CLANG_WARN_UNREACHABLE_CODE = YES;
				CLANG_WARN__DUPLICATE_METHOD_MATCH = YES;
				COPY_PHASE_STRIP = NO;
				DEBUG_INFORMATION_FORMAT = "dwarf-with-dsym";
				ENABLE_NS_ASSERTIONS = NO;
				ENABLE_STRICT_OBJC_MSGSEND = YES;
				ENABLE_USER_SCRIPT_SANDBOXING = YES;
				GCC_C_LANGUAGE_STANDARD = gnu17;
				GCC_NO_COMMON_BLOCKS = YES;
				GCC_WARN_64_TO_32_BIT_CONVERSION = YES;
				GCC_WARN_ABOUT_RETURN_TYPE = YES_ERROR;
				GCC_WARN_UNDECLARED_SELECTOR = YES;
				GCC_WARN_UNINITIALIZED_AUTOS = YES_AGGRESSIVE;
				GCC_WARN_UNUSED_FUNCTION = YES;
				GCC_WARN_UNUSED_VARIABLE = YES;
				IPHONEOS_DEPLOYMENT_TARGET = 17.5;
				LOCALIZATION_PREFERS_STRING_CATALOGS = YES;
				MTL_ENABLE_DEBUG_INFO = NO;
				MTL_FAST_MATH = YES;
				SDKROOT = iphoneos;
				SWIFT_COMPILATION_MODE = wholemodule;
				VALIDATE_PRODUCT = YES;
			};
			name = Release;
		};
		39462C782CA6F87800855445 /* Debug */ = {
			isa = XCBuildConfiguration;
			buildSettings = {
				ASSETCATALOG_COMPILER_APPICON_NAME = AppIcon;
				ASSETCATALOG_COMPILER_GLOBAL_ACCENT_COLOR_NAME = AccentColor;
				CODE_SIGN_STYLE = Automatic;
				CURRENT_PROJECT_VERSION = 1;
				GENERATE_INFOPLIST_FILE = YES;
				INFOPLIST_FILE = Assignment01/Info.plist;
				INFOPLIST_KEY_UIApplicationSupportsIndirectInputEvents = YES;
				INFOPLIST_KEY_UILaunchStoryboardName = LaunchScreen;
				INFOPLIST_KEY_UIMainStoryboardFile = Main;
				INFOPLIST_KEY_UISupportedInterfaceOrientations_iPad = "UIInterfaceOrientationPortrait UIInterfaceOrientationPortraitUpsideDown UIInterfaceOrientationLandscapeLeft UIInterfaceOrientationLandscapeRight";
				INFOPLIST_KEY_UISupportedInterfaceOrientations_iPhone = "UIInterfaceOrientationPortrait UIInterfaceOrientationLandscapeLeft UIInterfaceOrientationLandscapeRight";
				LD_RUNPATH_SEARCH_PATHS = (
					"$(inherited)",
					"@executable_path/Frameworks",
				);
				MARKETING_VERSION = 1.0;
				PRODUCT_BUNDLE_IDENTIFIER = ca.humber.Assignment01;
				PRODUCT_NAME = "$(TARGET_NAME)";
				SWIFT_EMIT_LOC_STRINGS = YES;
				SWIFT_VERSION = 5.0;
				TARGETED_DEVICE_FAMILY = "1,2";
			};
			name = Debug;
		};
		39462C792CA6F87800855445 /* Release */ = {
			isa = XCBuildConfiguration;
			buildSettings = {
				ASSETCATALOG_COMPILER_APPICON_NAME = AppIcon;
				ASSETCATALOG_COMPILER_GLOBAL_ACCENT_COLOR_NAME = AccentColor;
				CODE_SIGN_STYLE = Automatic;
				CURRENT_PROJECT_VERSION = 1;
				GENERATE_INFOPLIST_FILE = YES;
				INFOPLIST_FILE = Assignment01/Info.plist;
				INFOPLIST_KEY_UIApplicationSupportsIndirectInputEvents = YES;
				INFOPLIST_KEY_UILaunchStoryboardName = LaunchScreen;
				INFOPLIST_KEY_UIMainStoryboardFile = Main;
				INFOPLIST_KEY_UISupportedInterfaceOrientations_iPad = "UIInterfaceOrientationPortrait UIInterfaceOrientationPortraitUpsideDown UIInterfaceOrientationLandscapeLeft UIInterfaceOrientationLandscapeRight";
				INFOPLIST_KEY_UISupportedInterfaceOrientations_iPhone = "UIInterfaceOrientationPortrait UIInterfaceOrientationLandscapeLeft UIInterfaceOrientationLandscapeRight";
				LD_RUNPATH_SEARCH_PATHS = (
					"$(inherited)",
					"@executable_path/Frameworks",
				);
				MARKETING_VERSION = 1.0;
				PRODUCT_BUNDLE_IDENTIFIER = ca.humber.Assignment01;
				PRODUCT_NAME = "$(TARGET_NAME)";
				SWIFT_EMIT_LOC_STRINGS = YES;
				SWIFT_VERSION = 5.0;
				TARGETED_DEVICE_FAMILY = "1,2";
			};
			name = Release;
		};
		39462C7B2CA6F87800855445 /* Debug */ = {
			isa = XCBuildConfiguration;
			buildSettings = {
				ALWAYS_EMBED_SWIFT_STANDARD_LIBRARIES = YES;
				BUNDLE_LOADER = "$(TEST_HOST)";
				CODE_SIGN_STYLE = Automatic;
				CURRENT_PROJECT_VERSION = 1;
				GENERATE_INFOPLIST_FILE = YES;
				IPHONEOS_DEPLOYMENT_TARGET = 17.5;
				MARKETING_VERSION = 1.0;
				PRODUCT_BUNDLE_IDENTIFIER = ca.humber.Assignment01Tests;
				PRODUCT_NAME = "$(TARGET_NAME)";
				SWIFT_EMIT_LOC_STRINGS = NO;
				SWIFT_VERSION = 5.0;
				TARGETED_DEVICE_FAMILY = "1,2";
				TEST_HOST = "$(BUILT_PRODUCTS_DIR)/Assignment01.app/$(BUNDLE_EXECUTABLE_FOLDER_PATH)/Assignment01";
			};
			name = Debug;
		};
		39462C7C2CA6F87800855445 /* Release */ = {
			isa = XCBuildConfiguration;
			buildSettings = {
				ALWAYS_EMBED_SWIFT_STANDARD_LIBRARIES = YES;
				BUNDLE_LOADER = "$(TEST_HOST)";
				CODE_SIGN_STYLE = Automatic;
				CURRENT_PROJECT_VERSION = 1;
				GENERATE_INFOPLIST_FILE = YES;
				IPHONEOS_DEPLOYMENT_TARGET = 17.5;
				MARKETING_VERSION = 1.0;
				PRODUCT_BUNDLE_IDENTIFIER = ca.humber.Assignment01Tests;
				PRODUCT_NAME = "$(TARGET_NAME)";
				SWIFT_EMIT_LOC_STRINGS = NO;
				SWIFT_VERSION = 5.0;
				TARGETED_DEVICE_FAMILY = "1,2";
				TEST_HOST = "$(BUILT_PRODUCTS_DIR)/Assignment01.app/$(BUNDLE_EXECUTABLE_FOLDER_PATH)/Assignment01";
			};
			name = Release;
		};
		39462C7E2CA6F87800855445 /* Debug */ = {
			isa = XCBuildConfiguration;
			buildSettings = {
				ALWAYS_EMBED_SWIFT_STANDARD_LIBRARIES = YES;
				CODE_SIGN_STYLE = Automatic;
				CURRENT_PROJECT_VERSION = 1;
				GENERATE_INFOPLIST_FILE = YES;
				MARKETING_VERSION = 1.0;
				PRODUCT_BUNDLE_IDENTIFIER = ca.humber.Assignment01UITests;
				PRODUCT_NAME = "$(TARGET_NAME)";
				SWIFT_EMIT_LOC_STRINGS = NO;
				SWIFT_VERSION = 5.0;
				TARGETED_DEVICE_FAMILY = "1,2";
				TEST_TARGET_NAME = Assignment01;
			};
			name = Debug;
		};
		39462C7F2CA6F87800855445 /* Release */ = {
			isa = XCBuildConfiguration;
			buildSettings = {
				ALWAYS_EMBED_SWIFT_STANDARD_LIBRARIES = YES;
				CODE_SIGN_STYLE = Automatic;
				CURRENT_PROJECT_VERSION = 1;
				GENERATE_INFOPLIST_FILE = YES;
				MARKETING_VERSION = 1.0;
				PRODUCT_BUNDLE_IDENTIFIER = ca.humber.Assignment01UITests;
				PRODUCT_NAME = "$(TARGET_NAME)";
				SWIFT_EMIT_LOC_STRINGS = NO;
				SWIFT_VERSION = 5.0;
				TARGETED_DEVICE_FAMILY = "1,2";
				TEST_TARGET_NAME = Assignment01;
			};
			name = Release;
		};
/* End XCBuildConfiguration section */

/* Begin XCConfigurationList section */
		39462C482CA6F87600855445 /* Build configuration list for PBXProject "Assignment01" */ = {
			isa = XCConfigurationList;
			buildConfigurations = (
				39462C752CA6F87800855445 /* Debug */,
				39462C762CA6F87800855445 /* Release */,
			);
			defaultConfigurationIsVisible = 0;
			defaultConfigurationName = Release;
		};
		39462C772CA6F87800855445 /* Build configuration list for PBXNativeTarget "Assignment01" */ = {
			isa = XCConfigurationList;
			buildConfigurations = (
				39462C782CA6F87800855445 /* Debug */,
				39462C792CA6F87800855445 /* Release */,
			);
			defaultConfigurationIsVisible = 0;
			defaultConfigurationName = Release;
		};
		39462C7A2CA6F87800855445 /* Build configuration list for PBXNativeTarget "Assignment01Tests" */ = {
			isa = XCConfigurationList;
			buildConfigurations = (
				39462C7B2CA6F87800855445 /* Debug */,
				39462C7C2CA6F87800855445 /* Release */,
			);
			defaultConfigurationIsVisible = 0;
			defaultConfigurationName = Release;
		};
		39462C7D2CA6F87800855445 /* Build configuration list for PBXNativeTarget "Assignment01UITests" */ = {
			isa = XCConfigurationList;
			buildConfigurations = (
				39462C7E2CA6F87800855445 /* Debug */,
				39462C7F2CA6F87800855445 /* Release */,
			);
			defaultConfigurationIsVisible = 0;
			defaultConfigurationName = Release;
		};
/* End XCConfigurationList section */
	};
	rootObject = 39462C452CA6F87600855445 /* Project object */;
}
